
Microsoft Visual Studio Solution File, Format Version 12.00
# Visual Studio 15
VisualStudioVersion = 15.0.27703.1
MinimumVisualStudioVersion = 10.0.40219.1
Project("{FAE04EC0-301F-11D3-BF4B-00C04F79EFBC}") = "Chapter 8 - cafeteria", "Chapter 8 - cafeteria\Chapter 8 - cafeteria.csproj", "{61980509-4482-437F-9E0B-5CE7A2FB283D}"
EndProject
Global
	GlobalSection(SolutionConfigurationPlatforms) = preSolution
		Debug|Any CPU = Debug|Any CPU
		Release|Any CPU = Release|Any CPU
	EndGlobalSection
	GlobalSection(ProjectConfigurationPlatforms) = postSolution
		{61980509-4482-437F-9E0B-5CE7A2FB283D}.Debug|Any CPU.ActiveCfg = Debug|Any CPU
		{61980509-4482-437F-9E0B-5CE7A2FB283D}.Debug|Any CPU.Build.0 = Debug|Any CPU
		{61980509-4482-437F-9E0B-5CE7A2FB283D}.Release|Any CPU.ActiveCfg = Release|Any CPU
		{61980509-4482-437F-9E0B-5CE7A2FB283D}.Release|Any CPU.Build.0 = Release|Any CPU
	EndGlobalSection
	GlobalSection(SolutionProperties) = preSolution
		HideSolutionNode = FALSE
	EndGlobalSection
	GlobalSection(ExtensibilityGlobals) = postSolution
		SolutionGuid = {EF7480BE-A3EF-400F-9687-75946CF64390}
	EndGlobalSection
EndGlobal
